
Microsoft Visual Studio Solution File, Format Version 12.00
# Visual Studio Version 16
VisualStudioVersion = 16.0.30011.22
MinimumVisualStudioVersion = 10.0.40219.1
Project("{8BC9CEB8-8B4A-11D0-8D11-00A0C91BC942}") = "Task1", "Task1\Task1.vcxproj", "{340FE0C1-83D6-4EF5-804F-6ED35A87D8EF}"
EndProject
Project("{8BC9CEB8-8B4A-11D0-8D11-00A0C91BC942}") = "Task2", "Task2\Task2.vcxproj", "{C29DA3CC-9A86-4A7E-B653-E36D6C03AA87}"
EndProject
Project("{8BC9CEB8-8B4A-11D0-8D11-00A0C91BC942}") = "Task 3", "Task 3\Task 3.vcxproj", "{657E117D-E4CD-4B3B-9AE1-DE9709D438F5}"
EndProject
Global
	GlobalSection(SolutionConfigurationPlatforms) = preSolution
		Debug|x64 = Debug|x64
		Debug|x86 = Debug|x86
		Release|x64 = Release|x64
		Release|x86 = Release|x86
	EndGlobalSection
	GlobalSection(ProjectConfigurationPlatforms) = postSolution
		{340FE0C1-83D6-4EF5-804F-6ED35A87D8EF}.Debug|x64.ActiveCfg = Debug|x64
		{340FE0C1-83D6-4EF5-804F-6ED35A87D8EF}.Debug|x64.Build.0 = Debug|x64
		{340FE0C1-83D6-4EF5-804F-6ED35A87D8EF}.Debug|x86.ActiveCfg = Debug|Win32
		{340FE0C1-83D6-4EF5-804F-6ED35A87D8EF}.Debug|x86.Build.0 = Debug|Win32
		{340FE0C1-83D6-4EF5-804F-6ED35A87D8EF}.Release|x64.ActiveCfg = Release|x64
		{340FE0C1-83D6-4EF5-804F-6ED35A87D8EF}.Release|x64.Build.0 = Release|x64
		{340FE0C1-83D6-4EF5-804F-6ED35A87D8EF}.Release|x86.ActiveCfg = Release|Win32
		{340FE0C1-83D6-4EF5-804F-6ED35A87D8EF}.Release|x86.Build.0 = Release|Win32
		{C29DA3CC-9A86-4A7E-B653-E36D6C03AA87}.Debug|x64.ActiveCfg = Debug|x64
		{C29DA3CC-9A86-4A7E-B653-E36D6C03AA87}.Debug|x64.Build.0 = Debug|x64
		{C29DA3CC-9A86-4A7E-B653-E36D6C03AA87}.Debug|x86.ActiveCfg = Debug|Win32
		{C29DA3CC-9A86-4A7E-B653-E36D6C03AA87}.Debug|x86.Build.0 = Debug|Win32
		{C29DA3CC-9A86-4A7E-B653-E36D6C03AA87}.Release|x64.ActiveCfg = Release|x64
		{C29DA3CC-9A86-4A7E-B653-E36D6C03AA87}.Release|x64.Build.0 = Release|x64
		{C29DA3CC-9A86-4A7E-B653-E36D6C03AA87}.Release|x86.ActiveCfg = Release|Win32
		{C29DA3CC-9A86-4A7E-B653-E36D6C03AA87}.Release|x86.Build.0 = Release|Win32
		{657E117D-E4CD-4B3B-9AE1-DE9709D438F5}.Debug|x64.ActiveCfg = Debug|x64
		{657E117D-E4CD-4B3B-9AE1-DE9709D438F5}.Debug|x64.Build.0 = Debug|x64
		{657E117D-E4CD-4B3B-9AE1-DE9709D438F5}.Debug|x86.ActiveCfg = Debug|Win32
		{657E117D-E4CD-4B3B-9AE1-DE9709D438F5}.Debug|x86.Build.0 = Debug|Win32
		{657E117D-E4CD-4B3B-9AE1-DE9709D438F5}.Release|x64.ActiveCfg = Release|x64
		{657E117D-E4CD-4B3B-9AE1-DE9709D438F5}.Release|x64.Build.0 = Release|x64
		{657E117D-E4CD-4B3B-9AE1-DE9709D438F5}.Release|x86.ActiveCfg = Release|Win32
		{657E117D-E4CD-4B3B-9AE1-DE9709D438F5}.Release|x86.Build.0 = Release|Win32
	EndGlobalSection
	GlobalSection(SolutionProperties) = preSolution
		HideSolutionNode = FALSE
	EndGlobalSection
	GlobalSection(ExtensibilityGlobals) = postSolution
		SolutionGuid = {CD555B24-966E-4289-9D9D-ED209F136416}
	EndGlobalSection
EndGlobal
