
Microsoft Visual Studio Solution File, Format Version 12.00
# Visual Studio Version 16
VisualStudioVersion = 16.0.30011.22
MinimumVisualStudioVersion = 10.0.40219.1
Project("{8BC9CEB8-8B4A-11D0-8D11-00A0C91BC942}") = "Correct HTML Tag", "Correct HTML Tag\Correct HTML Tag.vcxproj", "{B174D212-1627-4079-A7A6-CBCA66BEAE57}"
EndProject
Project("{8BC9CEB8-8B4A-11D0-8D11-00A0C91BC942}") = "Reverse Fib", "Reverse Fib\Reverse Fib.vcxproj", "{4043183E-5E25-47C2-AE8E-190E1A9B5E54}"
EndProject
Project("{8BC9CEB8-8B4A-11D0-8D11-00A0C91BC942}") = "Exercise1", "Exercise1\Exercise1.vcxproj", "{6343267E-3AAC-44F0-B14B-1E6F9128A090}"
EndProject
Project("{8BC9CEB8-8B4A-11D0-8D11-00A0C91BC942}") = "Exercise2", "Exercise2\Exercise2.vcxproj", "{32F7C071-FE74-44FC-8970-49391506B61F}"
EndProject
Project("{8BC9CEB8-8B4A-11D0-8D11-00A0C91BC942}") = "Exercise3", "Exercise3\Exercise3.vcxproj", "{3BB567FC-5E29-4E77-8318-330091B41281}"
EndProject
Project("{8BC9CEB8-8B4A-11D0-8D11-00A0C91BC942}") = "Exercise4", "Exercise4\Exercise4.vcxproj", "{A10FF3BC-2750-42F4-B296-8DCE0BCEB5CE}"
EndProject
Global
	GlobalSection(SolutionConfigurationPlatforms) = preSolution
		Debug|x64 = Debug|x64
		Debug|x86 = Debug|x86
		Release|x64 = Release|x64
		Release|x86 = Release|x86
	EndGlobalSection
	GlobalSection(ProjectConfigurationPlatforms) = postSolution
		{B174D212-1627-4079-A7A6-CBCA66BEAE57}.Debug|x64.ActiveCfg = Debug|x64
		{B174D212-1627-4079-A7A6-CBCA66BEAE57}.Debug|x64.Build.0 = Debug|x64
		{B174D212-1627-4079-A7A6-CBCA66BEAE57}.Debug|x86.ActiveCfg = Debug|Win32
		{B174D212-1627-4079-A7A6-CBCA66BEAE57}.Debug|x86.Build.0 = Debug|Win32
		{B174D212-1627-4079-A7A6-CBCA66BEAE57}.Release|x64.ActiveCfg = Release|x64
		{B174D212-1627-4079-A7A6-CBCA66BEAE57}.Release|x64.Build.0 = Release|x64
		{B174D212-1627-4079-A7A6-CBCA66BEAE57}.Release|x86.ActiveCfg = Release|Win32
		{B174D212-1627-4079-A7A6-CBCA66BEAE57}.Release|x86.Build.0 = Release|Win32
		{4043183E-5E25-47C2-AE8E-190E1A9B5E54}.Debug|x64.ActiveCfg = Debug|x64
		{4043183E-5E25-47C2-AE8E-190E1A9B5E54}.Debug|x64.Build.0 = Debug|x64
		{4043183E-5E25-47C2-AE8E-190E1A9B5E54}.Debug|x86.ActiveCfg = Debug|Win32
		{4043183E-5E25-47C2-AE8E-190E1A9B5E54}.Debug|x86.Build.0 = Debug|Win32
		{4043183E-5E25-47C2-AE8E-190E1A9B5E54}.Release|x64.ActiveCfg = Release|x64
		{4043183E-5E25-47C2-AE8E-190E1A9B5E54}.Release|x64.Build.0 = Release|x64
		{4043183E-5E25-47C2-AE8E-190E1A9B5E54}.Release|x86.ActiveCfg = Release|Win32
		{4043183E-5E25-47C2-AE8E-190E1A9B5E54}.Release|x86.Build.0 = Release|Win32
		{6343267E-3AAC-44F0-B14B-1E6F9128A090}.Debug|x64.ActiveCfg = Debug|x64
		{6343267E-3AAC-44F0-B14B-1E6F9128A090}.Debug|x64.Build.0 = Debug|x64
		{6343267E-3AAC-44F0-B14B-1E6F9128A090}.Debug|x86.ActiveCfg = Debug|Win32
		{6343267E-3AAC-44F0-B14B-1E6F9128A090}.Debug|x86.Build.0 = Debug|Win32
		{6343267E-3AAC-44F0-B14B-1E6F9128A090}.Release|x64.ActiveCfg = Release|x64
		{6343267E-3AAC-44F0-B14B-1E6F9128A090}.Release|x64.Build.0 = Release|x64
		{6343267E-3AAC-44F0-B14B-1E6F9128A090}.Release|x86.ActiveCfg = Release|Win32
		{6343267E-3AAC-44F0-B14B-1E6F9128A090}.Release|x86.Build.0 = Release|Win32
		{32F7C071-FE74-44FC-8970-49391506B61F}.Debug|x64.ActiveCfg = Debug|x64
		{32F7C071-FE74-44FC-8970-49391506B61F}.Debug|x64.Build.0 = Debug|x64
		{32F7C071-FE74-44FC-8970-49391506B61F}.Debug|x86.ActiveCfg = Debug|Win32
		{32F7C071-FE74-44FC-8970-49391506B61F}.Debug|x86.Build.0 = Debug|Win32
		{32F7C071-FE74-44FC-8970-49391506B61F}.Release|x64.ActiveCfg = Release|x64
		{32F7C071-FE74-44FC-8970-49391506B61F}.Release|x64.Build.0 = Release|x64
		{32F7C071-FE74-44FC-8970-49391506B61F}.Release|x86.ActiveCfg = Release|Win32
		{32F7C071-FE74-44FC-8970-49391506B61F}.Release|x86.Build.0 = Release|Win32
		{3BB567FC-5E29-4E77-8318-330091B41281}.Debug|x64.ActiveCfg = Debug|x64
		{3BB567FC-5E29-4E77-8318-330091B41281}.Debug|x64.Build.0 = Debug|x64
		{3BB567FC-5E29-4E77-8318-330091B41281}.Debug|x86.ActiveCfg = Debug|Win32
		{3BB567FC-5E29-4E77-8318-330091B41281}.Debug|x86.Build.0 = Debug|Win32
		{3BB567FC-5E29-4E77-8318-330091B41281}.Release|x64.ActiveCfg = Release|x64
		{3BB567FC-5E29-4E77-8318-330091B41281}.Release|x64.Build.0 = Release|x64
		{3BB567FC-5E29-4E77-8318-330091B41281}.Release|x86.ActiveCfg = Release|Win32
		{3BB567FC-5E29-4E77-8318-330091B41281}.Release|x86.Build.0 = Release|Win32
		{A10FF3BC-2750-42F4-B296-8DCE0BCEB5CE}.Debug|x64.ActiveCfg = Debug|x64
		{A10FF3BC-2750-42F4-B296-8DCE0BCEB5CE}.Debug|x64.Build.0 = Debug|x64
		{A10FF3BC-2750-42F4-B296-8DCE0BCEB5CE}.Debug|x86.ActiveCfg = Debug|Win32
		{A10FF3BC-2750-42F4-B296-8DCE0BCEB5CE}.Debug|x86.Build.0 = Debug|Win32
		{A10FF3BC-2750-42F4-B296-8DCE0BCEB5CE}.Release|x64.ActiveCfg = Release|x64
		{A10FF3BC-2750-42F4-B296-8DCE0BCEB5CE}.Release|x64.Build.0 = Release|x64
		{A10FF3BC-2750-42F4-B296-8DCE0BCEB5CE}.Release|x86.ActiveCfg = Release|Win32
		{A10FF3BC-2750-42F4-B296-8DCE0BCEB5CE}.Release|x86.Build.0 = Release|Win32
	EndGlobalSection
	GlobalSection(SolutionProperties) = preSolution
		HideSolutionNode = FALSE
	EndGlobalSection
	GlobalSection(ExtensibilityGlobals) = postSolution
		SolutionGuid = {54E74547-2BE6-4594-8BF2-91397B28A632}
	EndGlobalSection
EndGlobal
